// !$*UTF8*$!
{
	archiveVersion = 1;
	classes = {
	};
	objectVersion = 77;
	objects = {

/* Begin PBXBuildFile section */
		9334D2852D91C0ED00600CF8 /* FirebaseAuth in Frameworks */ = {isa = PBXBuildFile; productRef = 9334D2842D91C0ED00600CF8 /* FirebaseAuth */; };
		9334D2872D91C0ED00600CF8 /* FirebaseFirestore in Frameworks */ = {isa = PBXBuildFile; productRef = 9334D2862D91C0ED00600CF8 /* FirebaseFirestore */; };
		9334D2AD2D91D74000600CF8 /* ToDoListApp.swift in Sources */ = {isa = PBXBuildFile; fileRef = 9334D29F2D91D74000600CF8 /* ToDoListApp.swift */; };
		9334D2AE2D91D74000600CF8 /* LoginView.swift in Sources */ = {isa = PBXBuildFile; fileRef = 9334D2A42D91D74000600CF8 /* LoginView.swift */; };
		9334D2AF2D91D74000600CF8 /* MainView.swift in Sources */ = {isa = PBXBuildFile; fileRef = 9334D2A52D91D74000600CF8 /* MainView.swift */; };
		9334D2B02D91D74000600CF8 /* NewItemView.swift in Sources */ = {isa = PBXBuildFile; fileRef = 9334D2A62D91D74000600CF8 /* NewItemView.swift */; };
		9334D2B12D91D74000600CF8 /* ProfileView.swift in Sources */ = {isa = PBXBuildFile; fileRef = 9334D2A72D91D74000600CF8 /* ProfileView.swift */; };
		9334D2B22D91D74000600CF8 /* RegisterView.swift in Sources */ = {isa = PBXBuildFile; fileRef = 9334D2A82D91D74000600CF8 /* RegisterView.swift */; };
		9334D2B32D91D74000600CF8 /* ToDoListView.swift in Sources */ = {isa = PBXBuildFile; fileRef = 9334D2A92D91D74000600CF8 /* ToDoListView.swift */; };
		9334D2B42D91D74000600CF8 /* ToDoListItemView.swift in Sources */ = {isa = PBXBuildFile; fileRef = 9334D2AA2D91D74000600CF8 /* ToDoListItemView.swift */; };
		9334D2B52D91D74000600CF8 /* Assets.xcassets in Resources */ = {isa = PBXBuildFile; fileRef = 9334D29D2D91D74000600CF8 /* Assets.xcassets */; };
		9334D2B62D91D74000600CF8 /* GoogleService-Info.plist in Resources */ = {isa = PBXBuildFile; fileRef = 9334D29E2D91D74000600CF8 /* GoogleService-Info.plist */; };
		9334D2B72D91D74000600CF8 /* Preview Assets.xcassets in Resources */ = {isa = PBXBuildFile; fileRef = 9334D2A12D91D74000600CF8 /* Preview Assets.xcassets */; };
		9334D2BB2D92DF0000600CF8 /* User.swift in Sources */ = {isa = PBXBuildFile; fileRef = 9334D2BA2D92DF0000600CF8 /* User.swift */; };
		9334D2BD2D92DF0D00600CF8 /* ToDoListItem.swift in Sources */ = {isa = PBXBuildFile; fileRef = 9334D2BC2D92DF0D00600CF8 /* ToDoListItem.swift */; };
		9334D2BF2D92DF3D00600CF8 /* MainViewViewModel.swift in Sources */ = {isa = PBXBuildFile; fileRef = 9334D2BE2D92DF3D00600CF8 /* MainViewViewModel.swift */; };
		9334D2C12D92DF6E00600CF8 /* ProfileViewViewModel.swift in Sources */ = {isa = PBXBuildFile; fileRef = 9334D2C02D92DF6E00600CF8 /* ProfileViewViewModel.swift */; };
		9334D2C32D92DF7F00600CF8 /* ToDoListViewViewModel.swift in Sources */ = {isa = PBXBuildFile; fileRef = 9334D2C22D92DF7F00600CF8 /* ToDoListViewViewModel.swift */; };
		9334D2C52D92DF8C00600CF8 /* NewItemViewViewModel.swift in Sources */ = {isa = PBXBuildFile; fileRef = 9334D2C42D92DF8C00600CF8 /* NewItemViewViewModel.swift */; };
		9334D2C72D92DFA000600CF8 /* LoginViewViewModel.swift in Sources */ = {isa = PBXBuildFile; fileRef = 9334D2C62D92DFA000600CF8 /* LoginViewViewModel.swift */; };
		9334D2C92D92DFAC00600CF8 /* RegisterViewViewModel.swift in Sources */ = {isa = PBXBuildFile; fileRef = 9334D2C82D92DFAC00600CF8 /* RegisterViewViewModel.swift */; };
		9334D2CB2D92DFB800600CF8 /* ToDoListItemViewViewModel.swift in Sources */ = {isa = PBXBuildFile; fileRef = 9334D2CA2D92DFB800600CF8 /* ToDoListItemViewViewModel.swift */; };
		9334D2CD2D943DC000600CF8 /* HeaderView.swift in Sources */ = {isa = PBXBuildFile; fileRef = 9334D2CC2D943DC000600CF8 /* HeaderView.swift */; };
		936E807C2D9AD5680031535C /* CustomButton.swift in Sources */ = {isa = PBXBuildFile; fileRef = 936E807B2D9AD5680031535C /* CustomButton.swift */; };
/* End PBXBuildFile section */

/* Begin PBXFileReference section */
		9334D29D2D91D74000600CF8 /* Assets.xcassets */ = {isa = PBXFileReference; lastKnownFileType = folder.assetcatalog; path = Assets.xcassets; sourceTree = "<group>"; };
		9334D29E2D91D74000600CF8 /* GoogleService-Info.plist */ = {isa = PBXFileReference; lastKnownFileType = text.plist.xml; path = "GoogleService-Info.plist"; sourceTree = "<group>"; };
		9334D29F2D91D74000600CF8 /* ToDoListApp.swift */ = {isa = PBXFileReference; lastKnownFileType = sourcecode.swift; path = ToDoListApp.swift; sourceTree = "<group>"; };
		9334D2A12D91D74000600CF8 /* Preview Assets.xcassets */ = {isa = PBXFileReference; lastKnownFileType = folder.assetcatalog; path = "Preview Assets.xcassets"; sourceTree = "<group>"; };
		9334D2A42D91D74000600CF8 /* LoginView.swift */ = {isa = PBXFileReference; lastKnownFileType = sourcecode.swift; path = LoginView.swift; sourceTree = "<group>"; };
		9334D2A52D91D74000600CF8 /* MainView.swift */ = {isa = PBXFileReference; lastKnownFileType = sourcecode.swift; path = MainView.swift; sourceTree = "<group>"; };
		9334D2A62D91D74000600CF8 /* NewItemView.swift */ = {isa = PBXFileReference; lastKnownFileType = sourcecode.swift; path = NewItemView.swift; sourceTree = "<group>"; };
		9334D2A72D91D74000600CF8 /* ProfileView.swift */ = {isa = PBXFileReference; lastKnownFileType = sourcecode.swift; path = ProfileView.swift; sourceTree = "<group>"; };
		9334D2A82D91D74000600CF8 /* RegisterView.swift */ = {isa = PBXFileReference; lastKnownFileType = sourcecode.swift; path = RegisterView.swift; sourceTree = "<group>"; };
		9334D2A92D91D74000600CF8 /* ToDoListView.swift */ = {isa = PBXFileReference; lastKnownFileType = sourcecode.swift; path = ToDoListView.swift; sourceTree = "<group>"; };
		9334D2AA2D91D74000600CF8 /* ToDoListItemView.swift */ = {isa = PBXFileReference; lastKnownFileType = sourcecode.swift; path = ToDoListItemView.swift; sourceTree = "<group>"; };
		9334D2BA2D92DF0000600CF8 /* User.swift */ = {isa = PBXFileReference; lastKnownFileType = sourcecode.swift; path = User.swift; sourceTree = "<group>"; };
		9334D2BC2D92DF0D00600CF8 /* ToDoListItem.swift */ = {isa = PBXFileReference; lastKnownFileType = sourcecode.swift; path = ToDoListItem.swift; sourceTree = "<group>"; };
		9334D2BE2D92DF3D00600CF8 /* MainViewViewModel.swift */ = {isa = PBXFileReference; lastKnownFileType = sourcecode.swift; path = MainViewViewModel.swift; sourceTree = "<group>"; };
		9334D2C02D92DF6E00600CF8 /* ProfileViewViewModel.swift */ = {isa = PBXFileReference; lastKnownFileType = sourcecode.swift; path = ProfileViewViewModel.swift; sourceTree = "<group>"; };
		9334D2C22D92DF7F00600CF8 /* ToDoListViewViewModel.swift */ = {isa = PBXFileReference; lastKnownFileType = sourcecode.swift; path = ToDoListViewViewModel.swift; sourceTree = "<group>"; };
		9334D2C42D92DF8C00600CF8 /* NewItemViewViewModel.swift */ = {isa = PBXFileReference; lastKnownFileType = sourcecode.swift; path = NewItemViewViewModel.swift; sourceTree = "<group>"; };
		9334D2C62D92DFA000600CF8 /* LoginViewViewModel.swift */ = {isa = PBXFileReference; lastKnownFileType = sourcecode.swift; path = LoginViewViewModel.swift; sourceTree = "<group>"; };
		9334D2C82D92DFAC00600CF8 /* RegisterViewViewModel.swift */ = {isa = PBXFileReference; lastKnownFileType = sourcecode.swift; path = RegisterViewViewModel.swift; sourceTree = "<group>"; };
		9334D2CA2D92DFB800600CF8 /* ToDoListItemViewViewModel.swift */ = {isa = PBXFileReference; lastKnownFileType = sourcecode.swift; path = ToDoListItemViewViewModel.swift; sourceTree = "<group>"; };
		9334D2CC2D943DC000600CF8 /* HeaderView.swift */ = {isa = PBXFileReference; lastKnownFileType = sourcecode.swift; path = HeaderView.swift; sourceTree = "<group>"; };
		936E807B2D9AD5680031535C /* CustomButton.swift */ = {isa = PBXFileReference; lastKnownFileType = sourcecode.swift; path = CustomButton.swift; sourceTree = "<group>"; };
		93DD63ED2D91AE55001274F3 /* ToDoList.app */ = {isa = PBXFileReference; explicitFileType = wrapper.application; includeInIndex = 0; path = ToDoList.app; sourceTree = BUILT_PRODUCTS_DIR; };
/* End PBXFileReference section */

/* Begin PBXFrameworksBuildPhase section */
		93DD63EA2D91AE55001274F3 /* Frameworks */ = {
			isa = PBXFrameworksBuildPhase;
			buildActionMask = 2147483647;
			files = (
				9334D2852D91C0ED00600CF8 /* FirebaseAuth in Frameworks */,
				9334D2872D91C0ED00600CF8 /* FirebaseFirestore in Frameworks */,
			);
			runOnlyForDeploymentPostprocessing = 0;
		};
/* End PBXFrameworksBuildPhase section */

/* Begin PBXGroup section */
		9334D29C2D91D74000600CF8 /* Models */ = {
			isa = PBXGroup;
			children = (
				9334D2BA2D92DF0000600CF8 /* User.swift */,
				9334D2BC2D92DF0D00600CF8 /* ToDoListItem.swift */,
			);
			path = Models;
			sourceTree = "<group>";
		};
		9334D2A02D91D74000600CF8 /* Other */ = {
			isa = PBXGroup;
			children = (
				9334D29D2D91D74000600CF8 /* Assets.xcassets */,
				9334D29E2D91D74000600CF8 /* GoogleService-Info.plist */,
			);
			path = Other;
			sourceTree = "<group>";
		};
		9334D2A22D91D74000600CF8 /* Preview Content */ = {
			isa = PBXGroup;
			children = (
				9334D2A12D91D74000600CF8 /* Preview Assets.xcassets */,
			);
			path = "Preview Content";
			sourceTree = "<group>";
		};
		9334D2A32D91D74000600CF8 /* ViewModels */ = {
			isa = PBXGroup;
			children = (
				9334D2BE2D92DF3D00600CF8 /* MainViewViewModel.swift */,
				9334D2C02D92DF6E00600CF8 /* ProfileViewViewModel.swift */,
				9334D2C22D92DF7F00600CF8 /* ToDoListViewViewModel.swift */,
				9334D2C42D92DF8C00600CF8 /* NewItemViewViewModel.swift */,
				9334D2C62D92DFA000600CF8 /* LoginViewViewModel.swift */,
				9334D2C82D92DFAC00600CF8 /* RegisterViewViewModel.swift */,
				9334D2CA2D92DFB800600CF8 /* ToDoListItemViewViewModel.swift */,
			);
			path = ViewModels;
			sourceTree = "<group>";
		};
		9334D2AB2D91D74000600CF8 /* Views */ = {
			isa = PBXGroup;
			children = (
				9334D2A52D91D74000600CF8 /* MainView.swift */,
				9334D2A72D91D74000600CF8 /* ProfileView.swift */,
				9334D2A92D91D74000600CF8 /* ToDoListView.swift */,
				9334D2A62D91D74000600CF8 /* NewItemView.swift */,
				9334D2A42D91D74000600CF8 /* LoginView.swift */,
				9334D2A82D91D74000600CF8 /* RegisterView.swift */,
				9334D2AA2D91D74000600CF8 /* ToDoListItemView.swift */,
				9334D2CC2D943DC000600CF8 /* HeaderView.swift */,
				936E807B2D9AD5680031535C /* CustomButton.swift */,
			);
			path = Views;
			sourceTree = "<group>";
		};
		9334D2AC2D91D74000600CF8 /* ToDoList */ = {
			isa = PBXGroup;
			children = (
				9334D29F2D91D74000600CF8 /* ToDoListApp.swift */,
				9334D29C2D91D74000600CF8 /* Models */,
				9334D2A22D91D74000600CF8 /* Preview Content */,
				9334D2A32D91D74000600CF8 /* ViewModels */,
				9334D2AB2D91D74000600CF8 /* Views */,
				9334D2A02D91D74000600CF8 /* Other */,
			);
			path = ToDoList;
			sourceTree = "<group>";
		};
		93DD63E42D91AE55001274F3 = {
			isa = PBXGroup;
			children = (
				9334D2AC2D91D74000600CF8 /* ToDoList */,
				93DD63EE2D91AE55001274F3 /* Products */,
			);
			sourceTree = "<group>";
		};
		93DD63EE2D91AE55001274F3 /* Products */ = {
			isa = PBXGroup;
			children = (
				93DD63ED2D91AE55001274F3 /* ToDoList.app */,
			);
			name = Products;
			sourceTree = "<group>";
		};
/* End PBXGroup section */

/* Begin PBXNativeTarget section */
		93DD63EC2D91AE55001274F3 /* ToDoList */ = {
			isa = PBXNativeTarget;
			buildConfigurationList = 93DD63FB2D91AE57001274F3 /* Build configuration list for PBXNativeTarget "ToDoList" */;
			buildPhases = (
				93DD63E92D91AE55001274F3 /* Sources */,
				93DD63EA2D91AE55001274F3 /* Frameworks */,
				93DD63EB2D91AE55001274F3 /* Resources */,
			);
			buildRules = (
			);
			dependencies = (
			);
			name = ToDoList;
			packageProductDependencies = (
				9334D2842D91C0ED00600CF8 /* FirebaseAuth */,
				9334D2862D91C0ED00600CF8 /* FirebaseFirestore */,
			);
			productName = ToDoList;
			productReference = 93DD63ED2D91AE55001274F3 /* ToDoList.app */;
			productType = "com.apple.product-type.application";
		};
/* End PBXNativeTarget section */

/* Begin PBXProject section */
		93DD63E52D91AE55001274F3 /* Project object */ = {
			isa = PBXProject;
			attributes = {
				BuildIndependentTargetsInParallel = 1;
				LastSwiftUpdateCheck = 1610;
				LastUpgradeCheck = 1610;
				TargetAttributes = {
					93DD63EC2D91AE55001274F3 = {
						CreatedOnToolsVersion = 16.1;
					};
				};
			};
			buildConfigurationList = 93DD63E82D91AE55001274F3 /* Build configuration list for PBXProject "ToDoList" */;
			developmentRegion = en;
			hasScannedForEncodings = 0;
			knownRegions = (
				en,
				Base,
			);
			mainGroup = 93DD63E42D91AE55001274F3;
			minimizedProjectReferenceProxies = 1;
			packageReferences = (
				9334D2832D91C0ED00600CF8 /* XCRemoteSwiftPackageReference "firebase-ios-sdk" */,
			);
			preferredProjectObjectVersion = 77;
			productRefGroup = 93DD63EE2D91AE55001274F3 /* Products */;
			projectDirPath = "";
			projectRoot = "";
			targets = (
				93DD63EC2D91AE55001274F3 /* ToDoList */,
			);
		};
/* End PBXProject section */

/* Begin PBXResourcesBuildPhase section */
		93DD63EB2D91AE55001274F3 /* Resources */ = {
			isa = PBXResourcesBuildPhase;
			buildActionMask = 2147483647;
			files = (
				9334D2B52D91D74000600CF8 /* Assets.xcassets in Resources */,
				9334D2B62D91D74000600CF8 /* GoogleService-Info.plist in Resources */,
				9334D2B72D91D74000600CF8 /* Preview Assets.xcassets in Resources */,
			);
			runOnlyForDeploymentPostprocessing = 0;
		};
/* End PBXResourcesBuildPhase section */

/* Begin PBXSourcesBuildPhase section */
		93DD63E92D91AE55001274F3 /* Sources */ = {
			isa = PBXSourcesBuildPhase;
			buildActionMask = 2147483647;
			files = (
				9334D2AD2D91D74000600CF8 /* ToDoListApp.swift in Sources */,
				9334D2CD2D943DC000600CF8 /* HeaderView.swift in Sources */,
				9334D2AE2D91D74000600CF8 /* LoginView.swift in Sources */,
				9334D2C92D92DFAC00600CF8 /* RegisterViewViewModel.swift in Sources */,
				9334D2BF2D92DF3D00600CF8 /* MainViewViewModel.swift in Sources */,
				9334D2AF2D91D74000600CF8 /* MainView.swift in Sources */,
				9334D2B02D91D74000600CF8 /* NewItemView.swift in Sources */,
				936E807C2D9AD5680031535C /* CustomButton.swift in Sources */,
				9334D2C12D92DF6E00600CF8 /* ProfileViewViewModel.swift in Sources */,
				9334D2B12D91D74000600CF8 /* ProfileView.swift in Sources */,
				9334D2BB2D92DF0000600CF8 /* User.swift in Sources */,
				9334D2B22D91D74000600CF8 /* RegisterView.swift in Sources */,
				9334D2C32D92DF7F00600CF8 /* ToDoListViewViewModel.swift in Sources */,
				9334D2C72D92DFA000600CF8 /* LoginViewViewModel.swift in Sources */,
				9334D2B32D91D74000600CF8 /* ToDoListView.swift in Sources */,
				9334D2BD2D92DF0D00600CF8 /* ToDoListItem.swift in Sources */,
				9334D2B42D91D74000600CF8 /* ToDoListItemView.swift in Sources */,
				9334D2C52D92DF8C00600CF8 /* NewItemViewViewModel.swift in Sources */,
				9334D2CB2D92DFB800600CF8 /* ToDoListItemViewViewModel.swift in Sources */,
			);
			runOnlyForDeploymentPostprocessing = 0;
		};
/* End PBXSourcesBuildPhase section */

/* Begin XCBuildConfiguration section */
		93DD63F92D91AE57001274F3 /* Debug */ = {
			isa = XCBuildConfiguration;
			buildSettings = {
				ALWAYS_SEARCH_USER_PATHS = NO;
				ASSETCATALOG_COMPILER_GENERATE_SWIFT_ASSET_SYMBOL_EXTENSIONS = YES;
				CLANG_ANALYZER_NONNULL = YES;
				CLANG_ANALYZER_NUMBER_OBJECT_CONVERSION = YES_AGGRESSIVE;
				CLANG_CXX_LANGUAGE_STANDARD = "gnu++20";
				CLANG_ENABLE_MODULES = YES;
				CLANG_ENABLE_OBJC_ARC = YES;
				CLANG_ENABLE_OBJC_WEAK = YES;
				CLANG_WARN_BLOCK_CAPTURE_AUTORELEASING = YES;
				CLANG_WARN_BOOL_CONVERSION = YES;
				CLANG_WARN_COMMA = YES;
				CLANG_WARN_CONSTANT_CONVERSION = YES;
				CLANG_WARN_DEPRECATED_OBJC_IMPLEMENTATIONS = YES;
				CLANG_WARN_DIRECT_OBJC_ISA_USAGE = YES_ERROR;
				CLANG_WARN_DOCUMENTATION_COMMENTS = YES;
				CLANG_WARN_EMPTY_BODY = YES;
				CLANG_WARN_ENUM_CONVERSION = YES;
				CLANG_WARN_INFINITE_RECURSION = YES;
				CLANG_WARN_INT_CONVERSION = YES;
				CLANG_WARN_NON_LITERAL_NULL_CONVERSION = YES;
				CLANG_WARN_OBJC_IMPLICIT_RETAIN_SELF = YES;
				CLANG_WARN_OBJC_LITERAL_CONVERSION = YES;
				CLANG_WARN_OBJC_ROOT_CLASS = YES_ERROR;
				CLANG_WARN_QUOTED_INCLUDE_IN_FRAMEWORK_HEADER = YES;
				CLANG_WARN_RANGE_LOOP_ANALYSIS = YES;
				CLANG_WARN_STRICT_PROTOTYPES = YES;
				CLANG_WARN_SUSPICIOUS_MOVE = YES;
				CLANG_WARN_UNGUARDED_AVAILABILITY = YES_AGGRESSIVE;
				CLANG_WARN_UNREACHABLE_CODE = YES;
				CLANG_WARN__DUPLICATE_METHOD_MATCH = YES;
				COPY_PHASE_STRIP = NO;
				DEBUG_INFORMATION_FORMAT = dwarf;
				ENABLE_STRICT_OBJC_MSGSEND = YES;
				ENABLE_TESTABILITY = YES;
				ENABLE_USER_SCRIPT_SANDBOXING = YES;
				GCC_C_LANGUAGE_STANDARD = gnu17;
				GCC_DYNAMIC_NO_PIC = NO;
				GCC_NO_COMMON_BLOCKS = YES;
				GCC_OPTIMIZATION_LEVEL = 0;
				GCC_PREPROCESSOR_DEFINITIONS = (
					"DEBUG=1",
					"$(inherited)",
				);
				GCC_WARN_64_TO_32_BIT_CONVERSION = YES;
				GCC_WARN_ABOUT_RETURN_TYPE = YES_ERROR;
				GCC_WARN_UNDECLARED_SELECTOR = YES;
				GCC_WARN_UNINITIALIZED_AUTOS = YES_AGGRESSIVE;
				GCC_WARN_UNUSED_FUNCTION = YES;
				GCC_WARN_UNUSED_VARIABLE = YES;
				IPHONEOS_DEPLOYMENT_TARGET = 18.1;
				LOCALIZATION_PREFERS_STRING_CATALOGS = YES;
				MTL_ENABLE_DEBUG_INFO = INCLUDE_SOURCE;
				MTL_FAST_MATH = YES;
				ONLY_ACTIVE_ARCH = YES;
				SDKROOT = iphoneos;
				SWIFT_ACTIVE_COMPILATION_CONDITIONS = "DEBUG $(inherited)";
				SWIFT_OPTIMIZATION_LEVEL = "-Onone";
			};
			name = Debug;
		};
		93DD63FA2D91AE57001274F3 /* Release */ = {
			isa = XCBuildConfiguration;
			buildSettings = {
				ALWAYS_SEARCH_USER_PATHS = NO;
				ASSETCATALOG_COMPILER_GENERATE_SWIFT_ASSET_SYMBOL_EXTENSIONS = YES;
				CLANG_ANALYZER_NONNULL = YES;
				CLANG_ANALYZER_NUMBER_OBJECT_CONVERSION = YES_AGGRESSIVE;
				CLANG_CXX_LANGUAGE_STANDARD = "gnu++20";
				CLANG_ENABLE_MODULES = YES;
				CLANG_ENABLE_OBJC_ARC = YES;
				CLANG_ENABLE_OBJC_WEAK = YES;
				CLANG_WARN_BLOCK_CAPTURE_AUTORELEASING = YES;
				CLANG_WARN_BOOL_CONVERSION = YES;
				CLANG_WARN_COMMA = YES;
				CLANG_WARN_CONSTANT_CONVERSION = YES;
				CLANG_WARN_DEPRECATED_OBJC_IMPLEMENTATIONS = YES;
				CLANG_WARN_DIRECT_OBJC_ISA_USAGE = YES_ERROR;
				CLANG_WARN_DOCUMENTATION_COMMENTS = YES;
				CLANG_WARN_EMPTY_BODY = YES;
				CLANG_WARN_ENUM_CONVERSION = YES;
				CLANG_WARN_INFINITE_RECURSION = YES;
				CLANG_WARN_INT_CONVERSION = YES;
				CLANG_WARN_NON_LITERAL_NULL_CONVERSION = YES;
				CLANG_WARN_OBJC_IMPLICIT_RETAIN_SELF = YES;
				CLANG_WARN_OBJC_LITERAL_CONVERSION = YES;
				CLANG_WARN_OBJC_ROOT_CLASS = YES_ERROR;
				CLANG_WARN_QUOTED_INCLUDE_IN_FRAMEWORK_HEADER = YES;
				CLANG_WARN_RANGE_LOOP_ANALYSIS = YES;
				CLANG_WARN_STRICT_PROTOTYPES = YES;
				CLANG_WARN_SUSPICIOUS_MOVE = YES;
				CLANG_WARN_UNGUARDED_AVAILABILITY = YES_AGGRESSIVE;
				CLANG_WARN_UNREACHABLE_CODE = YES;
				CLANG_WARN__DUPLICATE_METHOD_MATCH = YES;
				COPY_PHASE_STRIP = NO;
				DEBUG_INFORMATION_FORMAT = "dwarf-with-dsym";
				ENABLE_NS_ASSERTIONS = NO;
				ENABLE_STRICT_OBJC_MSGSEND = YES;
				ENABLE_USER_SCRIPT_SANDBOXING = YES;
				GCC_C_LANGUAGE_STANDARD = gnu17;
				GCC_NO_COMMON_BLOCKS = YES;
				GCC_WARN_64_TO_32_BIT_CONVERSION = YES;
				GCC_WARN_ABOUT_RETURN_TYPE = YES_ERROR;
				GCC_WARN_UNDECLARED_SELECTOR = YES;
				GCC_WARN_UNINITIALIZED_AUTOS = YES_AGGRESSIVE;
				GCC_WARN_UNUSED_FUNCTION = YES;
				GCC_WARN_UNUSED_VARIABLE = YES;
				IPHONEOS_DEPLOYMENT_TARGET = 18.1;
				LOCALIZATION_PREFERS_STRING_CATALOGS = YES;
				MTL_ENABLE_DEBUG_INFO = NO;
				MTL_FAST_MATH = YES;
				SDKROOT = iphoneos;
				SWIFT_COMPILATION_MODE = wholemodule;
				VALIDATE_PRODUCT = YES;
			};
			name = Release;
		};
		93DD63FC2D91AE57001274F3 /* Debug */ = {
			isa = XCBuildConfiguration;
			buildSettings = {
				ASSETCATALOG_COMPILER_APPICON_NAME = AppIcon;
				ASSETCATALOG_COMPILER_GLOBAL_ACCENT_COLOR_NAME = AccentColor;
				CODE_SIGN_STYLE = Automatic;
				CURRENT_PROJECT_VERSION = 1;
				DEVELOPMENT_ASSET_PATHS = "\"ToDoList/Preview Content\"";
				DEVELOPMENT_TEAM = 6G69MBT8U6;
				ENABLE_PREVIEWS = YES;
				GENERATE_INFOPLIST_FILE = YES;
				INFOPLIST_KEY_CFBundleDisplayName = ToDoList;
				INFOPLIST_KEY_UIApplicationSceneManifest_Generation = YES;
				INFOPLIST_KEY_UIApplicationSupportsIndirectInputEvents = YES;
				INFOPLIST_KEY_UILaunchScreen_Generation = YES;
				INFOPLIST_KEY_UISupportedInterfaceOrientations = UIInterfaceOrientationPortrait;
				IPHONEOS_DEPLOYMENT_TARGET = 16.6;
				LD_RUNPATH_SEARCH_PATHS = (
					"$(inherited)",
					"@executable_path/Frameworks",
				);
				MARKETING_VERSION = 1.0;
				PRODUCT_BUNDLE_IDENTIFIER = io.sducic.ToDoList;
				PRODUCT_NAME = "$(TARGET_NAME)";
				SWIFT_EMIT_LOC_STRINGS = YES;
				SWIFT_VERSION = 5.0;
				TARGETED_DEVICE_FAMILY = "1,2";
			};
			name = Debug;
		};
		93DD63FD2D91AE57001274F3 /* Release */ = {
			isa = XCBuildConfiguration;
			buildSettings = {
				ASSETCATALOG_COMPILER_APPICON_NAME = AppIcon;
				ASSETCATALOG_COMPILER_GLOBAL_ACCENT_COLOR_NAME = AccentColor;
				CODE_SIGN_STYLE = Automatic;
				CURRENT_PROJECT_VERSION = 1;
				DEVELOPMENT_ASSET_PATHS = "\"ToDoList/Preview Content\"";
				DEVELOPMENT_TEAM = 6G69MBT8U6;
				ENABLE_PREVIEWS = YES;
				GENERATE_INFOPLIST_FILE = YES;
				INFOPLIST_KEY_CFBundleDisplayName = ToDoList;
				INFOPLIST_KEY_UIApplicationSceneManifest_Generation = YES;
				INFOPLIST_KEY_UIApplicationSupportsIndirectInputEvents = YES;
				INFOPLIST_KEY_UILaunchScreen_Generation = YES;
				INFOPLIST_KEY_UISupportedInterfaceOrientations = UIInterfaceOrientationPortrait;
				IPHONEOS_DEPLOYMENT_TARGET = 16.6;
				LD_RUNPATH_SEARCH_PATHS = (
					"$(inherited)",
					"@executable_path/Frameworks",
				);
				MARKETING_VERSION = 1.0;
				PRODUCT_BUNDLE_IDENTIFIER = io.sducic.ToDoList;
				PRODUCT_NAME = "$(TARGET_NAME)";
				SWIFT_EMIT_LOC_STRINGS = YES;
				SWIFT_VERSION = 5.0;
				TARGETED_DEVICE_FAMILY = "1,2";
			};
			name = Release;
		};
/* End XCBuildConfiguration section */

/* Begin XCConfigurationList section */
		93DD63E82D91AE55001274F3 /* Build configuration list for PBXProject "ToDoList" */ = {
			isa = XCConfigurationList;
			buildConfigurations = (
				93DD63F92D91AE57001274F3 /* Debug */,
				93DD63FA2D91AE57001274F3 /* Release */,
			);
			defaultConfigurationIsVisible = 0;
			defaultConfigurationName = Release;
		};
		93DD63FB2D91AE57001274F3 /* Build configuration list for PBXNativeTarget "ToDoList" */ = {
			isa = XCConfigurationList;
			buildConfigurations = (
				93DD63FC2D91AE57001274F3 /* Debug */,
				93DD63FD2D91AE57001274F3 /* Release */,
			);
			defaultConfigurationIsVisible = 0;
			defaultConfigurationName = Release;
		};
/* End XCConfigurationList section */

/* Begin XCRemoteSwiftPackageReference section */
		9334D2832D91C0ED00600CF8 /* XCRemoteSwiftPackageReference "firebase-ios-sdk" */ = {
			isa = XCRemoteSwiftPackageReference;
			repositoryURL = "https://github.com/firebase/firebase-ios-sdk";
			requirement = {
				kind = upToNextMajorVersion;
				minimumVersion = 11.10.0;
			};
		};
/* End XCRemoteSwiftPackageReference section */

/* Begin XCSwiftPackageProductDependency section */
		9334D2842D91C0ED00600CF8 /* FirebaseAuth */ = {
			isa = XCSwiftPackageProductDependency;
			package = 9334D2832D91C0ED00600CF8 /* XCRemoteSwiftPackageReference "firebase-ios-sdk" */;
			productName = FirebaseAuth;
		};
		9334D2862D91C0ED00600CF8 /* FirebaseFirestore */ = {
			isa = XCSwiftPackageProductDependency;
			package = 9334D2832D91C0ED00600CF8 /* XCRemoteSwiftPackageReference "firebase-ios-sdk" */;
			productName = FirebaseFirestore;
		};
/* End XCSwiftPackageProductDependency section */
	};
	rootObject = 93DD63E52D91AE55001274F3 /* Project object */;
}
